{
  "version": 4,
  "terraform_version": "0.14.4",
  "serial": 16,
  "lineage": "41faba37-8dd9-2940-cf43-3fa2fea7a79f",
  "outputs": {},
  "resources": [
    {
      "mode": "managed",
      "type": "aws_cloudwatch_log_group",
      "name": "log_group",
      "provider": "provider[\"registry.terraform.io/hashicorp/aws\"]",
      "instances": [
        {
          "schema_version": 0,
          "attributes": {
            "arn": "arn:aws:logs:sa-east-1:078470796059:log-group:/aws/lambda/image_resizer_lambda:*",
            "id": "/aws/lambda/image_resizer_lambda",
            "kms_key_id": "",
            "name": "/aws/lambda/image_resizer_lambda",
            "name_prefix": null,
            "retention_in_days": 1,
            "tags": {}
          },
          "sensitive_attributes": [],
          "private": "bnVsbA==",
          "dependencies": [
            "aws_iam_role.role_for_lambda",
            "aws_lambda_function.image_resizer_lambda"
          ]
        }
      ]
    },
    {
      "mode": "managed",
      "type": "aws_iam_policy",
      "name": "lambda_logging",
      "provider": "provider[\"registry.terraform.io/hashicorp/aws\"]",
      "instances": [
        {
          "schema_version": 0,
          "attributes": {
            "arn": "arn:aws:iam::078470796059:policy/lambda_logging",
            "description": "IAM policy for logging from a lambda",
            "id": "arn:aws:iam::078470796059:policy/lambda_logging",
            "name": "lambda_logging",
            "name_prefix": null,
            "path": "/",
            "policy": "{\r\n \"Version\": \"2012-10-17\",\r\n \"Statement\": [\r\n   {\r\n     \"Action\": [\r\n       \"logs:CreateLogGroup\",\r\n       \"logs:CreateLogStream\",\r\n       \"logs:PutLogEvents\"\r\n     ],\r\n     \"Resource\": \"arn:aws:logs:*:*:*\",\r\n     \"Effect\": \"Allow\"\r\n   }\r\n ]\r\n}\r\n"
          },
          "sensitive_attributes": [],
          "private": "bnVsbA=="
        }
      ]
    },
    {
      "mode": "managed",
      "type": "aws_iam_role",
      "name": "role_for_lambda",
      "provider": "provider[\"registry.terraform.io/hashicorp/aws\"]",
      "instances": [
        {
          "schema_version": 0,
          "attributes": {
            "arn": "arn:aws:iam::078470796059:role/role_for_lambda",
            "assume_role_policy": "{\"Version\":\"2012-10-17\",\"Statement\":[{\"Sid\":\"\",\"Effect\":\"Allow\",\"Principal\":{\"Service\":\"lambda.amazonaws.com\"},\"Action\":\"sts:AssumeRole\"}]}",
            "create_date": "2021-01-14T15:57:22Z",
            "description": "",
            "force_detach_policies": false,
            "id": "role_for_lambda",
            "max_session_duration": 3600,
            "name": "role_for_lambda",
            "name_prefix": null,
            "path": "/",
            "permissions_boundary": null,
            "tags": {},
            "unique_id": "AROARERJZKMN2FS5EIZIY"
          },
          "sensitive_attributes": [],
          "private": "bnVsbA=="
        }
      ]
    },
    {
      "mode": "managed",
      "type": "aws_iam_role_policy",
      "name": "policy_for_lambda",
      "provider": "provider[\"registry.terraform.io/hashicorp/aws\"]",
      "instances": [
        {
          "schema_version": 0,
          "attributes": {
            "id": "role_for_lambda:policy_for_lambda",
            "name": "policy_for_lambda",
            "name_prefix": null,
            "policy": "{\r\n   \"Version\": \"2012-10-17\",\r\n   \"Statement\": [\r\n       {\r\n           \"Effect\": \"Allow\",\r\n           \"Action\": [\"s3:ListBucket\"],\r\n           \"Resource\": [\"arn:aws:s3:::jmercado-example-resized-image\"]\r\n       },\r\n       {\r\n           \"Effect\": \"Allow\",\r\n           \"Action\": [\r\n               \"s3:PutObject\",\r\n               \"s3:GetObject\",\r\n               \"s3:DeleteObject\"\r\n           ],\r\n           \"Resource\": [\"arn:aws:s3:::jmercado-example-resized-image/*\"]\r\n       }\r\n   ]\r\n}\r\n",
            "role": "role_for_lambda"
          },
          "sensitive_attributes": [],
          "private": "bnVsbA==",
          "dependencies": [
            "aws_iam_role.role_for_lambda"
          ]
        }
      ]
    },
    {
      "mode": "managed",
      "type": "aws_iam_role_policy_attachment",
      "name": "lambda_logs",
      "provider": "provider[\"registry.terraform.io/hashicorp/aws\"]",
      "instances": [
        {
          "schema_version": 0,
          "attributes": {
            "id": "role_for_lambda-20210114155723021800000001",
            "policy_arn": "arn:aws:iam::078470796059:policy/lambda_logging",
            "role": "role_for_lambda"
          },
          "sensitive_attributes": [],
          "private": "bnVsbA==",
          "dependencies": [
            "aws_iam_policy.lambda_logging",
            "aws_iam_role.role_for_lambda"
          ]
        }
      ]
    },
    {
      "mode": "managed",
      "type": "aws_lambda_function",
      "name": "image_resizer_lambda",
      "provider": "provider[\"registry.terraform.io/hashicorp/aws\"]",
      "instances": [
        {
          "schema_version": 0,
          "attributes": {
            "arn": "arn:aws:lambda:sa-east-1:078470796059:function:image_resizer_lambda",
            "dead_letter_config": [],
            "description": "",
            "environment": [
              {
                "variables": {
                  "ENV_MAX_HEIGHT": "200",
                  "ENV_MAX_WIDTH": "200"
                }
              }
            ],
            "file_system_config": [],
            "filename": "s3-java/target/s3-java-1.0-SNAPSHOT.jar",
            "function_name": "image_resizer_lambda",
            "handler": "example.Handler::handleRequest",
            "id": "image_resizer_lambda",
            "invoke_arn": "arn:aws:apigateway:sa-east-1:lambda:path/2015-03-31/functions/arn:aws:lambda:sa-east-1:078470796059:function:image_resizer_lambda/invocations",
            "kms_key_arn": "",
            "last_modified": "2021-01-14T15:57:38.737+0000",
            "layers": [],
            "memory_size": 1024,
            "publish": false,
            "qualified_arn": "arn:aws:lambda:sa-east-1:078470796059:function:image_resizer_lambda:$LATEST",
            "reserved_concurrent_executions": -1,
            "role": "arn:aws:iam::078470796059:role/role_for_lambda",
            "runtime": "java11",
            "s3_bucket": null,
            "s3_key": null,
            "s3_object_version": null,
            "source_code_hash": "JzR3uDdfRXVoz9xAMux9TojVdApKpwt29OhUKaCDMws=",
            "source_code_size": 9490628,
            "tags": {},
            "timeout": 60,
            "timeouts": null,
            "tracing_config": [
              {
                "mode": "PassThrough"
              }
            ],
            "version": "$LATEST",
            "vpc_config": []
          },
          "sensitive_attributes": [],
          "private": "eyJlMmJmYjczMC1lY2FhLTExZTYtOGY4OC0zNDM2M2JjN2M0YzAiOnsiY3JlYXRlIjo2MDAwMDAwMDAwMDB9fQ==",
          "dependencies": [
            "aws_iam_role.role_for_lambda"
          ]
        }
      ]
    },
    {
      "mode": "managed",
      "type": "aws_lambda_permission",
      "name": "allow_bucket",
      "provider": "provider[\"registry.terraform.io/hashicorp/aws\"]",
      "instances": [
        {
          "schema_version": 0,
          "attributes": {
            "action": "lambda:InvokeFunction",
            "event_source_token": null,
            "function_name": "arn:aws:lambda:sa-east-1:078470796059:function:image_resizer_lambda",
            "id": "AllowExecutionFromS3Bucket",
            "principal": "s3.amazonaws.com",
            "qualifier": "",
            "source_account": null,
            "source_arn": "arn:aws:s3:::jmercado-example-resized-image",
            "statement_id": "AllowExecutionFromS3Bucket",
            "statement_id_prefix": null
          },
          "sensitive_attributes": [],
          "private": "bnVsbA==",
          "dependencies": [
            "aws_lambda_function.image_resizer_lambda",
            "aws_s3_bucket.images_bucket"
          ]
        }
      ]
    },
    {
      "mode": "managed",
      "type": "aws_s3_bucket",
      "name": "images_bucket",
      "provider": "provider[\"registry.terraform.io/hashicorp/aws\"]",
      "instances": [
        {
          "schema_version": 0,
          "attributes": {
            "acceleration_status": "",
            "acl": "private",
            "arn": "arn:aws:s3:::jmercado-example-resized-image",
            "bucket": "jmercado-example-resized-image",
            "bucket_domain_name": "jmercado-example-resized-image.s3.amazonaws.com",
            "bucket_prefix": null,
            "bucket_regional_domain_name": "jmercado-example-resized-image.s3.sa-east-1.amazonaws.com",
            "cors_rule": [],
            "force_destroy": false,
            "grant": [],
            "hosted_zone_id": "Z7KQH4QJS55SO",
            "id": "jmercado-example-resized-image",
            "lifecycle_rule": [],
            "logging": [],
            "object_lock_configuration": [],
            "policy": null,
            "region": "sa-east-1",
            "replication_configuration": [],
            "request_payer": "BucketOwner",
            "server_side_encryption_configuration": [],
            "tags": null,
            "versioning": [
              {
                "enabled": false,
                "mfa_delete": false
              }
            ],
            "website": [],
            "website_domain": null,
            "website_endpoint": null
          },
          "sensitive_attributes": [],
          "private": "bnVsbA=="
        }
      ]
    },
    {
      "mode": "managed",
      "type": "aws_s3_bucket_notification",
      "name": "bucket_notification",
      "provider": "provider[\"registry.terraform.io/hashicorp/aws\"]",
      "instances": [
        {
          "schema_version": 0,
          "attributes": {
            "bucket": "jmercado-example-resized-image",
            "id": "jmercado-example-resized-image",
            "lambda_function": [
              {
                "events": [
                  "s3:ObjectCreated:*"
                ],
                "filter_prefix": "original-images/",
                "filter_suffix": "",
                "id": "tf-s3-lambda-20210114160038791500000001",
                "lambda_function_arn": "arn:aws:lambda:sa-east-1:078470796059:function:image_resizer_lambda"
              }
            ],
            "queue": [],
            "topic": []
          },
          "sensitive_attributes": [],
          "private": "bnVsbA==",
          "dependencies": [
            "aws_lambda_function.image_resizer_lambda",
            "aws_lambda_permission.allow_bucket",
            "aws_s3_bucket.images_bucket"
          ]
        }
      ]
    },
    {
      "mode": "managed",
      "type": "aws_s3_bucket_object",
      "name": "images_folder",
      "provider": "provider[\"registry.terraform.io/hashicorp/aws\"]",
      "instances": [
        {
          "schema_version": 0,
          "attributes": {
            "acl": "private",
            "bucket": "jmercado-example-resized-image",
            "cache_control": "",
            "content": null,
            "content_base64": null,
            "content_disposition": "",
            "content_encoding": "",
            "content_language": "",
            "content_type": "binary/octet-stream",
            "etag": "d41d8cd98f00b204e9800998ecf8427e",
            "force_destroy": false,
            "id": "images/",
            "key": "images/",
            "kms_key_id": null,
            "metadata": null,
            "object_lock_legal_hold_status": "",
            "object_lock_mode": "",
            "object_lock_retain_until_date": "",
            "server_side_encryption": "",
            "source": null,
            "storage_class": "STANDARD",
            "tags": null,
            "version_id": "",
            "website_redirect": ""
          },
          "sensitive_attributes": [],
          "private": "bnVsbA==",
          "dependencies": [
            "aws_s3_bucket.images_bucket"
          ]
        }
      ]
    },
    {
      "mode": "managed",
      "type": "aws_s3_bucket_object",
      "name": "original_images_folder",
      "provider": "provider[\"registry.terraform.io/hashicorp/aws\"]",
      "instances": [
        {
          "schema_version": 0,
          "attributes": {
            "acl": "private",
            "bucket": "jmercado-example-resized-image",
            "cache_control": "",
            "content": null,
            "content_base64": null,
            "content_disposition": "",
            "content_encoding": "",
            "content_language": "",
            "content_type": "binary/octet-stream",
            "etag": "d41d8cd98f00b204e9800998ecf8427e",
            "force_destroy": false,
            "id": "original-images/",
            "key": "original-images/",
            "kms_key_id": null,
            "metadata": null,
            "object_lock_legal_hold_status": "",
            "object_lock_mode": "",
            "object_lock_retain_until_date": "",
            "server_side_encryption": "",
            "source": null,
            "storage_class": "STANDARD",
            "tags": null,
            "version_id": "",
            "website_redirect": ""
          },
          "sensitive_attributes": [],
          "private": "bnVsbA==",
          "dependencies": [
            "aws_s3_bucket.images_bucket"
          ]
        }
      ]
    }
  ]
}
